
Microsoft Visual Studio Solution File, Format Version 12.00
# Visual Studio Version 16
VisualStudioVersion = 16.0.810.14
MinimumVisualStudioVersion = 10.0.40219.1
Project("{FAE04EC0-301F-11D3-BF4B-00C04F79EFBC}") = "stand-in", "stand-in.csproj", "{25F34AE0-FA8B-4FF0-BD65-402990B7A635}"
EndProject
Global
	GlobalSection(SolutionConfigurationPlatforms) = preSolution
		Debug|Any CPU = Debug|Any CPU
		Release|Any CPU = Release|Any CPU
	EndGlobalSection
	GlobalSection(ProjectConfigurationPlatforms) = postSolution
		{25F34AE0-FA8B-4FF0-BD65-402990B7A635}.Debug|Any CPU.ActiveCfg = Debug|Any CPU
		{25F34AE0-FA8B-4FF0-BD65-402990B7A635}.Debug|Any CPU.Build.0 = Debug|Any CPU
		{25F34AE0-FA8B-4FF0-BD65-402990B7A635}.Release|Any CPU.ActiveCfg = Release|Any CPU
		{25F34AE0-FA8B-4FF0-BD65-402990B7A635}.Release|Any CPU.Build.0 = Release|Any CPU
	EndGlobalSection
	GlobalSection(SolutionProperties) = preSolution
		HideSolutionNode = FALSE
	EndGlobalSection
	GlobalSection(ExtensibilityGlobals) = postSolution
		SolutionGuid = {3B8D2CF1-A079-473F-9D91-42B38706B1FC}
	EndGlobalSection
EndGlobal
